
Microsoft Visual Studio Solution File, Format Version 12.00
# Visual Studio Version 16
VisualStudioVersion = 16.0.32002.261
MinimumVisualStudioVersion = 10.0.40219.1
Project("{FAE04EC0-301F-11D3-BF4B-00C04F79EFBC}") = "ProductionManager", "ProductionManager\ProductionManager.csproj", "{446F8477-08EE-4BAD-AFD3-5B916EF85187}"
EndProject
Global
	GlobalSection(SolutionConfigurationPlatforms) = preSolution
		Debug|x64 = Debug|x64
	EndGlobalSection
	GlobalSection(ProjectConfigurationPlatforms) = postSolution
		{446F8477-08EE-4BAD-AFD3-5B916EF85187}.Debug|x64.ActiveCfg = Debug|x64
		{446F8477-08EE-4BAD-AFD3-5B916EF85187}.Debug|x64.Build.0 = Debug|x64
	EndGlobalSection
	GlobalSection(SolutionProperties) = preSolution
		HideSolutionNode = FALSE
	EndGlobalSection
	GlobalSection(ExtensibilityGlobals) = postSolution
		SolutionGuid = {C5A52AD9-AEB7-4154-A1CB-0F148FB52BA7}
	EndGlobalSection
EndGlobal
